
Microsoft Visual Studio Solution File, Format Version 12.00
# Visual Studio Version 17
VisualStudioVersion = 17.7.34018.315
MinimumVisualStudioVersion = 10.0.40219.1
Project("{FAE04EC0-301F-11D3-BF4B-00C04F79EFBC}") = "StreamApp", "StreamApp\StreamApp.csproj", "{8684A23D-227A-475D-82B9-BE9FD06F098B}"
EndProject
Global
	GlobalSection(SolutionConfigurationPlatforms) = preSolution
		Debug|Any CPU = Debug|Any CPU
		Release|Any CPU = Release|Any CPU
	EndGlobalSection
	GlobalSection(ProjectConfigurationPlatforms) = postSolution
		{8684A23D-227A-475D-82B9-BE9FD06F098B}.Debug|Any CPU.ActiveCfg = Debug|Any CPU
		{8684A23D-227A-475D-82B9-BE9FD06F098B}.Debug|Any CPU.Build.0 = Debug|Any CPU
		{8684A23D-227A-475D-82B9-BE9FD06F098B}.Release|Any CPU.ActiveCfg = Release|Any CPU
		{8684A23D-227A-475D-82B9-BE9FD06F098B}.Release|Any CPU.Build.0 = Release|Any CPU
	EndGlobalSection
	GlobalSection(SolutionProperties) = preSolution
		HideSolutionNode = FALSE
	EndGlobalSection
	GlobalSection(ExtensibilityGlobals) = postSolution
		SolutionGuid = {50438D26-D310-4691-80C2-73CFEC4ADB27}
	EndGlobalSection
EndGlobal
